{
  "lockfileVersion": 1,
  "workspaces": {
    "": {
      "name": "erc-7811",
      "dependencies": {
        "valibot": "^1.1.0",
      },
    },
  },
  "packages": {
    "valibot": ["valibot@1.1.0", "", { "peerDependencies": { "typescript": ">=5" }, "optionalPeers": ["typescript"] }, "sha512-Nk8lX30Qhu+9txPYTwM0cFlWLdPFsFr6LblzqIySfbZph9+BFsAHsNvHOymEviUepeIW6KFHzpX8TKhbptBXXw=="],
  }
}
