{
  "version": "4",
  "specifiers": {
    "jsr:@hono/hono@^4.6.5": "4.6.5",
    "jsr:@valibot/valibot@~0.42.1": "0.42.1"
  },
  "jsr": {
    "@hono/hono@4.6.5": {
      "integrity": "68efe4a0ab7c4fb082cb71aa894a25e1c6cfad6d124dc943471e6758a7a1bdee"
    },
    "@valibot/valibot@0.42.1": {
      "integrity": "ba0f6f7964aaeec0e4b1f793d575061f325ae6254cbb9d7ff01fb65068a0a23b"
    }
  },
  "workspace": {
    "dependencies": [
      "jsr:@hono/hono@^4.6.5",
      "jsr:@valibot/valibot@~0.42.1"
    ]
  }
}
